
Microsoft Visual Studio Solution File, Format Version 12.00
# Visual Studio Version 17
Project("{8BC9CEB8-8B4A-11D0-8D11-00A0C91BC942}") = "ALL_BUILD", "ALL_BUILD.vcxproj", "{3A972308-A566-38C9-A249-5BB0B9A8DE07}"
	ProjectSection(ProjectDependencies) = postProject
		{3C38DC86-D3E1-3714-8918-1CD55FA19991} = {3C38DC86-D3E1-3714-8918-1CD55FA19991}
		{BA4E44CB-D5CD-3626-B316-ADAA58961E8B} = {BA4E44CB-D5CD-3626-B316-ADAA58961E8B}
		{4FE50B47-D017-3421-9A02-F3A3822C213A} = {4FE50B47-D017-3421-9A02-F3A3822C213A}
		{05964350-C303-3A2D-BBC2-2024D7847174} = {05964350-C303-3A2D-BBC2-2024D7847174}
		{29F484DC-BE35-3957-BF72-AB30228D2002} = {29F484DC-BE35-3957-BF72-AB30228D2002}
		{5F96978B-92F4-3804-92AA-07978E5EA10B} = {5F96978B-92F4-3804-92AA-07978E5EA10B}
	EndProjectSection
EndProject
Project("{8BC9CEB8-8B4A-11D0-8D11-00A0C91BC942}") = "ZERO_CHECK", "ZERO_CHECK.vcxproj", "{3C38DC86-D3E1-3714-8918-1CD55FA19991}"
	ProjectSection(ProjectDependencies) = postProject
	EndProjectSection
EndProject
Project("{8BC9CEB8-8B4A-11D0-8D11-00A0C91BC942}") = "gtest", "gtest\gtest.vcxproj", "{BA4E44CB-D5CD-3626-B316-ADAA58961E8B}"
	ProjectSection(ProjectDependencies) = postProject
		{3C38DC86-D3E1-3714-8918-1CD55FA19991} = {3C38DC86-D3E1-3714-8918-1CD55FA19991}
	EndProjectSection
EndProject
Project("{8BC9CEB8-8B4A-11D0-8D11-00A0C91BC942}") = "sample_prime_numbers", "samples\sample_prime_numbers.vcxproj", "{4FE50B47-D017-3421-9A02-F3A3822C213A}"
	ProjectSection(ProjectDependencies) = postProject
		{3C38DC86-D3E1-3714-8918-1CD55FA19991} = {3C38DC86-D3E1-3714-8918-1CD55FA19991}
		{05964350-C303-3A2D-BBC2-2024D7847174} = {05964350-C303-3A2D-BBC2-2024D7847174}
	EndProjectSection
EndProject
Project("{8BC9CEB8-8B4A-11D0-8D11-00A0C91BC942}") = "set", "src\set.vcxproj", "{05964350-C303-3A2D-BBC2-2024D7847174}"
	ProjectSection(ProjectDependencies) = postProject
		{3C38DC86-D3E1-3714-8918-1CD55FA19991} = {3C38DC86-D3E1-3714-8918-1CD55FA19991}
	EndProjectSection
EndProject
Project("{8BC9CEB8-8B4A-11D0-8D11-00A0C91BC942}") = "test_set", "test\test_set.vcxproj", "{29F484DC-BE35-3957-BF72-AB30228D2002}"
	ProjectSection(ProjectDependencies) = postProject
		{3C38DC86-D3E1-3714-8918-1CD55FA19991} = {3C38DC86-D3E1-3714-8918-1CD55FA19991}
		{BA4E44CB-D5CD-3626-B316-ADAA58961E8B} = {BA4E44CB-D5CD-3626-B316-ADAA58961E8B}
		{05964350-C303-3A2D-BBC2-2024D7847174} = {05964350-C303-3A2D-BBC2-2024D7847174}
	EndProjectSection
EndProject
Project("{8BC9CEB8-8B4A-11D0-8D11-00A0C91BC942}") = "trafficlight", "trafficlight\trafficlight.vcxproj", "{5F96978B-92F4-3804-92AA-07978E5EA10B}"
	ProjectSection(ProjectDependencies) = postProject
		{3C38DC86-D3E1-3714-8918-1CD55FA19991} = {3C38DC86-D3E1-3714-8918-1CD55FA19991}
		{05964350-C303-3A2D-BBC2-2024D7847174} = {05964350-C303-3A2D-BBC2-2024D7847174}
	EndProjectSection
EndProject
Global
	GlobalSection(SolutionConfigurationPlatforms) = preSolution
		Debug|x64 = Debug|x64
		Release|x64 = Release|x64
	EndGlobalSection
	GlobalSection(ProjectConfigurationPlatforms) = postSolution
		{3A972308-A566-38C9-A249-5BB0B9A8DE07}.Debug|x64.ActiveCfg = Debug|x64
		{3A972308-A566-38C9-A249-5BB0B9A8DE07}.Release|x64.ActiveCfg = Release|x64
		{3C38DC86-D3E1-3714-8918-1CD55FA19991}.Debug|x64.ActiveCfg = Debug|x64
		{3C38DC86-D3E1-3714-8918-1CD55FA19991}.Debug|x64.Build.0 = Debug|x64
		{3C38DC86-D3E1-3714-8918-1CD55FA19991}.Release|x64.ActiveCfg = Release|x64
		{3C38DC86-D3E1-3714-8918-1CD55FA19991}.Release|x64.Build.0 = Release|x64
		{BA4E44CB-D5CD-3626-B316-ADAA58961E8B}.Debug|x64.ActiveCfg = Debug|x64
		{BA4E44CB-D5CD-3626-B316-ADAA58961E8B}.Debug|x64.Build.0 = Debug|x64
		{BA4E44CB-D5CD-3626-B316-ADAA58961E8B}.Release|x64.ActiveCfg = Release|x64
		{BA4E44CB-D5CD-3626-B316-ADAA58961E8B}.Release|x64.Build.0 = Release|x64
		{4FE50B47-D017-3421-9A02-F3A3822C213A}.Debug|x64.ActiveCfg = Debug|x64
		{4FE50B47-D017-3421-9A02-F3A3822C213A}.Debug|x64.Build.0 = Debug|x64
		{4FE50B47-D017-3421-9A02-F3A3822C213A}.Release|x64.ActiveCfg = Release|x64
		{4FE50B47-D017-3421-9A02-F3A3822C213A}.Release|x64.Build.0 = Release|x64
		{05964350-C303-3A2D-BBC2-2024D7847174}.Debug|x64.ActiveCfg = Debug|x64
		{05964350-C303-3A2D-BBC2-2024D7847174}.Debug|x64.Build.0 = Debug|x64
		{05964350-C303-3A2D-BBC2-2024D7847174}.Release|x64.ActiveCfg = Release|x64
		{05964350-C303-3A2D-BBC2-2024D7847174}.Release|x64.Build.0 = Release|x64
		{29F484DC-BE35-3957-BF72-AB30228D2002}.Debug|x64.ActiveCfg = Debug|x64
		{29F484DC-BE35-3957-BF72-AB30228D2002}.Debug|x64.Build.0 = Debug|x64
		{29F484DC-BE35-3957-BF72-AB30228D2002}.Release|x64.ActiveCfg = Release|x64
		{29F484DC-BE35-3957-BF72-AB30228D2002}.Release|x64.Build.0 = Release|x64
		{5F96978B-92F4-3804-92AA-07978E5EA10B}.Debug|x64.ActiveCfg = Debug|x64
		{5F96978B-92F4-3804-92AA-07978E5EA10B}.Debug|x64.Build.0 = Debug|x64
		{5F96978B-92F4-3804-92AA-07978E5EA10B}.Release|x64.ActiveCfg = Release|x64
		{5F96978B-92F4-3804-92AA-07978E5EA10B}.Release|x64.Build.0 = Release|x64
	EndGlobalSection
	GlobalSection(ExtensibilityGlobals) = postSolution
		SolutionGuid = {D79B0B62-1B5E-371E-A60A-2AEFF43D5073}
	EndGlobalSection
	GlobalSection(ExtensibilityAddIns) = postSolution
	EndGlobalSection
EndGlobal
