
Microsoft Visual Studio Solution File, Format Version 12.00
# Visual Studio Version 17
Project("{8BC9CEB8-8B4A-11D0-8D11-00A0C91BC942}") = "ALL_BUILD", "ALL_BUILD.vcxproj", "{FD1664A6-8BA6-31DE-A93B-D7FA25032A48}"
	ProjectSection(ProjectDependencies) = postProject
		{6E3F2A6A-3E26-3E51-83C7-2E93DB6DA3F3} = {6E3F2A6A-3E26-3E51-83C7-2E93DB6DA3F3}
		{FD2617B8-76AE-34BA-B6F5-F70F6C59817B} = {FD2617B8-76AE-34BA-B6F5-F70F6C59817B}
		{74189794-95AC-39B9-9AE6-A48FC9A77E65} = {74189794-95AC-39B9-9AE6-A48FC9A77E65}
		{34337EC4-A045-30D4-822E-D3FE66ACD830} = {34337EC4-A045-30D4-822E-D3FE66ACD830}
		{0E8BEBCD-F8B2-3BB2-93B9-2CE1A8781458} = {0E8BEBCD-F8B2-3BB2-93B9-2CE1A8781458}
		{80006A0A-1AB6-3639-B860-054AF0CE47B1} = {80006A0A-1AB6-3639-B860-054AF0CE47B1}
	EndProjectSection
EndProject
Project("{8BC9CEB8-8B4A-11D0-8D11-00A0C91BC942}") = "ZERO_CHECK", "ZERO_CHECK.vcxproj", "{6E3F2A6A-3E26-3E51-83C7-2E93DB6DA3F3}"
	ProjectSection(ProjectDependencies) = postProject
	EndProjectSection
EndProject
Project("{8BC9CEB8-8B4A-11D0-8D11-00A0C91BC942}") = "gtest", "gtest\gtest.vcxproj", "{FD2617B8-76AE-34BA-B6F5-F70F6C59817B}"
	ProjectSection(ProjectDependencies) = postProject
		{6E3F2A6A-3E26-3E51-83C7-2E93DB6DA3F3} = {6E3F2A6A-3E26-3E51-83C7-2E93DB6DA3F3}
	EndProjectSection
EndProject
Project("{8BC9CEB8-8B4A-11D0-8D11-00A0C91BC942}") = "sample_prime_numbers", "samples\sample_prime_numbers.vcxproj", "{74189794-95AC-39B9-9AE6-A48FC9A77E65}"
	ProjectSection(ProjectDependencies) = postProject
		{6E3F2A6A-3E26-3E51-83C7-2E93DB6DA3F3} = {6E3F2A6A-3E26-3E51-83C7-2E93DB6DA3F3}
		{34337EC4-A045-30D4-822E-D3FE66ACD830} = {34337EC4-A045-30D4-822E-D3FE66ACD830}
	EndProjectSection
EndProject
Project("{8BC9CEB8-8B4A-11D0-8D11-00A0C91BC942}") = "set", "src\set.vcxproj", "{34337EC4-A045-30D4-822E-D3FE66ACD830}"
	ProjectSection(ProjectDependencies) = postProject
		{6E3F2A6A-3E26-3E51-83C7-2E93DB6DA3F3} = {6E3F2A6A-3E26-3E51-83C7-2E93DB6DA3F3}
	EndProjectSection
EndProject
Project("{8BC9CEB8-8B4A-11D0-8D11-00A0C91BC942}") = "test_set", "test\test_set.vcxproj", "{0E8BEBCD-F8B2-3BB2-93B9-2CE1A8781458}"
	ProjectSection(ProjectDependencies) = postProject
		{6E3F2A6A-3E26-3E51-83C7-2E93DB6DA3F3} = {6E3F2A6A-3E26-3E51-83C7-2E93DB6DA3F3}
		{FD2617B8-76AE-34BA-B6F5-F70F6C59817B} = {FD2617B8-76AE-34BA-B6F5-F70F6C59817B}
		{34337EC4-A045-30D4-822E-D3FE66ACD830} = {34337EC4-A045-30D4-822E-D3FE66ACD830}
	EndProjectSection
EndProject
Project("{8BC9CEB8-8B4A-11D0-8D11-00A0C91BC942}") = "trafficlight", "trafficlight\trafficlight.vcxproj", "{80006A0A-1AB6-3639-B860-054AF0CE47B1}"
	ProjectSection(ProjectDependencies) = postProject
		{6E3F2A6A-3E26-3E51-83C7-2E93DB6DA3F3} = {6E3F2A6A-3E26-3E51-83C7-2E93DB6DA3F3}
		{34337EC4-A045-30D4-822E-D3FE66ACD830} = {34337EC4-A045-30D4-822E-D3FE66ACD830}
	EndProjectSection
EndProject
Global
	GlobalSection(SolutionConfigurationPlatforms) = preSolution
		Debug|x64 = Debug|x64
		Release|x64 = Release|x64
	EndGlobalSection
	GlobalSection(ProjectConfigurationPlatforms) = postSolution
		{FD1664A6-8BA6-31DE-A93B-D7FA25032A48}.Debug|x64.ActiveCfg = Debug|x64
		{FD1664A6-8BA6-31DE-A93B-D7FA25032A48}.Release|x64.ActiveCfg = Release|x64
		{6E3F2A6A-3E26-3E51-83C7-2E93DB6DA3F3}.Debug|x64.ActiveCfg = Debug|x64
		{6E3F2A6A-3E26-3E51-83C7-2E93DB6DA3F3}.Debug|x64.Build.0 = Debug|x64
		{6E3F2A6A-3E26-3E51-83C7-2E93DB6DA3F3}.Release|x64.ActiveCfg = Release|x64
		{6E3F2A6A-3E26-3E51-83C7-2E93DB6DA3F3}.Release|x64.Build.0 = Release|x64
		{FD2617B8-76AE-34BA-B6F5-F70F6C59817B}.Debug|x64.ActiveCfg = Debug|x64
		{FD2617B8-76AE-34BA-B6F5-F70F6C59817B}.Debug|x64.Build.0 = Debug|x64
		{FD2617B8-76AE-34BA-B6F5-F70F6C59817B}.Release|x64.ActiveCfg = Release|x64
		{FD2617B8-76AE-34BA-B6F5-F70F6C59817B}.Release|x64.Build.0 = Release|x64
		{74189794-95AC-39B9-9AE6-A48FC9A77E65}.Debug|x64.ActiveCfg = Debug|x64
		{74189794-95AC-39B9-9AE6-A48FC9A77E65}.Debug|x64.Build.0 = Debug|x64
		{74189794-95AC-39B9-9AE6-A48FC9A77E65}.Release|x64.ActiveCfg = Release|x64
		{74189794-95AC-39B9-9AE6-A48FC9A77E65}.Release|x64.Build.0 = Release|x64
		{34337EC4-A045-30D4-822E-D3FE66ACD830}.Debug|x64.ActiveCfg = Debug|x64
		{34337EC4-A045-30D4-822E-D3FE66ACD830}.Debug|x64.Build.0 = Debug|x64
		{34337EC4-A045-30D4-822E-D3FE66ACD830}.Release|x64.ActiveCfg = Release|x64
		{34337EC4-A045-30D4-822E-D3FE66ACD830}.Release|x64.Build.0 = Release|x64
		{0E8BEBCD-F8B2-3BB2-93B9-2CE1A8781458}.Debug|x64.ActiveCfg = Debug|x64
		{0E8BEBCD-F8B2-3BB2-93B9-2CE1A8781458}.Debug|x64.Build.0 = Debug|x64
		{0E8BEBCD-F8B2-3BB2-93B9-2CE1A8781458}.Release|x64.ActiveCfg = Release|x64
		{0E8BEBCD-F8B2-3BB2-93B9-2CE1A8781458}.Release|x64.Build.0 = Release|x64
		{80006A0A-1AB6-3639-B860-054AF0CE47B1}.Debug|x64.ActiveCfg = Debug|x64
		{80006A0A-1AB6-3639-B860-054AF0CE47B1}.Debug|x64.Build.0 = Debug|x64
		{80006A0A-1AB6-3639-B860-054AF0CE47B1}.Release|x64.ActiveCfg = Release|x64
		{80006A0A-1AB6-3639-B860-054AF0CE47B1}.Release|x64.Build.0 = Release|x64
	EndGlobalSection
	GlobalSection(ExtensibilityGlobals) = postSolution
		SolutionGuid = {BC6B8D1F-BF24-3511-9137-7D54BF4061F5}
	EndGlobalSection
	GlobalSection(ExtensibilityAddIns) = postSolution
	EndGlobalSection
EndGlobal
