<?xml version="1.0" encoding="utf-8"?>
<Project ToolsVersion="17.0" xmlns="http://schemas.microsoft.com/developer/msbuild/2003">
  <ItemGroup>
    <CustomBuild Include="C:\Users\opaqu\OneDrive\Desktop\glass\mp2-lab1-set\sln\CMakeFiles\c8a6430fce552216e7a0eccbd3341652\generate.stamp.rule">
      <Filter>CMake Rules</Filter>
    </CustomBuild>
  </ItemGroup>
  <ItemGroup>
    <Filter Include="CMake Rules">
      <UniqueIdentifier>{0EB3D95E-E6F1-30EF-9C9E-BE61C14A31B4}</UniqueIdentifier>
    </Filter>
  </ItemGroup>
</Project>
