<?xml version="1.0" encoding="utf-8"?>
<Project ToolsVersion="17.0" xmlns="http://schemas.microsoft.com/developer/msbuild/2003">
  <ItemGroup>
    <CustomBuild Include="C:\Users\opaqu\Desktop\mp2-lab1-set\sln\CMakeFiles\a9a8746e703c51b84778c3d42718ca4f\generate.stamp.rule">
      <Filter>CMake Rules</Filter>
    </CustomBuild>
  </ItemGroup>
  <ItemGroup>
    <Filter Include="CMake Rules">
      <UniqueIdentifier>{1F049B04-AF83-3B62-A9C8-BBAD1379BC0A}</UniqueIdentifier>
    </Filter>
  </ItemGroup>
</Project>
